PODS:
  - Alamofire (4.8.2)
  - EvolvKit (0.1.4):
    - Alamofire
    - PromiseKit (~> 6.8)
    - SwiftyJSON (~> 4.0)
  - PromiseKit (6.10.0):
    - PromiseKit/CorePromise (= 6.10.0)
    - PromiseKit/Foundation (= 6.10.0)
    - PromiseKit/UIKit (= 6.10.0)
  - PromiseKit/CorePromise (6.10.0)
  - PromiseKit/Foundation (6.10.0):
    - PromiseKit/CorePromise
  - PromiseKit/UIKit (6.10.0):
    - PromiseKit/CorePromise
  - SwiftLint (0.34.0)
  - SwiftyJSON (4.3.0)

DEPENDENCIES:
  - EvolvKit (from `../`)
  - SwiftLint

SPEC REPOS:
  https://github.com/cocoapods/specs.git:
    - Alamofire
    - PromiseKit
    - SwiftLint
    - SwiftyJSON

EXTERNAL SOURCES:
  EvolvKit:
    :path: "../"

SPEC CHECKSUMS:
  Alamofire: ae5c501addb7afdbb13687d7f2f722c78734c2d3
  EvolvKit: 4db13a0206d513ee5a20a7620d729c1a76ca773c
  PromiseKit: 1fdaeb6c0a94a5114fcb814ff3d772b86886ad4e
  SwiftLint: 79d48a17c6565dc286c37efb8322c7b450f95c67
  SwiftyJSON: 6faa0040f8b59dead0ee07436cbf76b73c08fd08

PODFILE CHECKSUM: 80846e461edc2ce0dd3d537399ba12de85447283

COCOAPODS: 1.7.5
