PODS:
  - Alamofire (4.8.2)
  - EvolvKit (1.0.2):
    - Alamofire
    - PromiseKit (~> 6.8)
    - SwiftyJSON (~> 4.0)
  - PromiseKit (6.10.0):
    - PromiseKit/CorePromise (= 6.10.0)
    - PromiseKit/Foundation (= 6.10.0)
    - PromiseKit/UIKit (= 6.10.0)
  - PromiseKit/CorePromise (6.10.0)
  - PromiseKit/Foundation (6.10.0):
    - PromiseKit/CorePromise
  - PromiseKit/UIKit (6.10.0):
    - PromiseKit/CorePromise
  - SwiftyJSON (4.3.0)

DEPENDENCIES:
  - Alamofire (~> 4.8.0)
  - EvolvKit (from `./`)
  - PromiseKit (~> 6.0)
  - SwiftyJSON (~> 4.0)

SPEC REPOS:
  https://cdn.cocoapods.org/:
    - Alamofire
    - PromiseKit
    - SwiftyJSON

EXTERNAL SOURCES:
  EvolvKit:
    :path: "./"

SPEC CHECKSUMS:
  Alamofire: ae5c501addb7afdbb13687d7f2f722c78734c2d3
  EvolvKit: 3ce12e5f35e07510270852590a0bd95f00697e74
  PromiseKit: 1fdaeb6c0a94a5114fcb814ff3d772b86886ad4e
  SwiftyJSON: 6faa0040f8b59dead0ee07436cbf76b73c08fd08

PODFILE CHECKSUM: c0ba77ab98e7bccd9c701097c6485cd056d32db0

COCOAPODS: 1.7.5
