PODS:
  - Alamofire (4.8.2)
  - EvolvKit (1.1.2):
    - Alamofire (~> 4.8.0)
    - PromiseKit (~> 6.0)
  - PromiseKit (6.10.0):
    - PromiseKit/CorePromise (= 6.10.0)
    - PromiseKit/Foundation (= 6.10.0)
    - PromiseKit/UIKit (= 6.10.0)
  - PromiseKit/CorePromise (6.10.0)
  - PromiseKit/Foundation (6.10.0):
    - PromiseKit/CorePromise
  - PromiseKit/UIKit (6.10.0):
    - PromiseKit/CorePromise

DEPENDENCIES:
  - Alamofire (~> 4.8.0)
  - EvolvKit (from `./`)
  - PromiseKit (~> 6.0)

SPEC REPOS:
  https://cdn.cocoapods.org/:
    - Alamofire
    - PromiseKit

EXTERNAL SOURCES:
  EvolvKit:
    :path: "./"

SPEC CHECKSUMS:
  Alamofire: ae5c501addb7afdbb13687d7f2f722c78734c2d3
  EvolvKit: 7e069b87d34b7107d2507dc7c44e49d5f2edfee3
  PromiseKit: 1fdaeb6c0a94a5114fcb814ff3d772b86886ad4e

PODFILE CHECKSUM: dbba1a1c5acd24f3b44fe002ff9829c9937f7f12

COCOAPODS: 1.7.5
